
Microsoft Visual Studio Solution File, Format Version 12.00
# Visual Studio Version 16
VisualStudioVersion = 16.0.810.8
MinimumVisualStudioVersion = 10.0.40219.1
Project("{FAE04EC0-301F-11D3-BF4B-00C04F79EFBC}") = "appui", "appui\appui.csproj", "{991FF47D-95C7-443B-BA56-8DF56BBDD92B}"
EndProject
Global
	GlobalSection(SolutionConfigurationPlatforms) = preSolution
		Debug|anycpu = Debug|anycpu
		Release|anycpu = Release|anycpu
	EndGlobalSection
	GlobalSection(ProjectConfigurationPlatforms) = postSolution
		{991FF47D-95C7-443B-BA56-8DF56BBDD92B}.Debug|anycpu.ActiveCfg = Debug|anycpu
		{991FF47D-95C7-443B-BA56-8DF56BBDD92B}.Debug|anycpu.Build.0 = Debug|anycpu
		{991FF47D-95C7-443B-BA56-8DF56BBDD92B}.Release|anycpu.ActiveCfg = Release|anycpu
		{991FF47D-95C7-443B-BA56-8DF56BBDD92B}.Release|anycpu.Build.0 = Release|anycpu
	EndGlobalSection
	GlobalSection(SolutionProperties) = preSolution
		HideSolutionNode = FALSE
	EndGlobalSection
	GlobalSection(ExtensibilityGlobals) = postSolution
		SolutionGuid = {357022E8-2950-41E5-8093-EA8A469FC3E0}
	EndGlobalSection
EndGlobal
